
Microsoft Visual Studio Solution File, Format Version 12.00
# Visual Studio Version 17
VisualStudioVersion = 17.2.32616.157
MinimumVisualStudioVersion = 10.0.40219.1
Project("{FAE04EC0-301F-11D3-BF4B-00C04F79EFBC}") = "machine_test2", "machine_test2\machine_test2.csproj", "{B2186095-796A-4C8A-B8A7-FA2BDB69A494}"
EndProject
Global
	GlobalSection(SolutionConfigurationPlatforms) = preSolution
		Debug|Any CPU = Debug|Any CPU
		Release|Any CPU = Release|Any CPU
	EndGlobalSection
	GlobalSection(ProjectConfigurationPlatforms) = postSolution
		{B2186095-796A-4C8A-B8A7-FA2BDB69A494}.Debug|Any CPU.ActiveCfg = Debug|Any CPU
		{B2186095-796A-4C8A-B8A7-FA2BDB69A494}.Debug|Any CPU.Build.0 = Debug|Any CPU
		{B2186095-796A-4C8A-B8A7-FA2BDB69A494}.Release|Any CPU.ActiveCfg = Release|Any CPU
		{B2186095-796A-4C8A-B8A7-FA2BDB69A494}.Release|Any CPU.Build.0 = Release|Any CPU
	EndGlobalSection
	GlobalSection(SolutionProperties) = preSolution
		HideSolutionNode = FALSE
	EndGlobalSection
	GlobalSection(ExtensibilityGlobals) = postSolution
		SolutionGuid = {B9F731E4-3B24-4EF3-A1A9-B149A87C93E1}
	EndGlobalSection
EndGlobal
